
Microsoft Visual Studio Solution File, Format Version 12.00
Project("{FAE04EC0-301F-11D3-BF4B-00C04F79EFBC}") = "MA.RewardService.Host", "MA.RewardService.Host\MA.RewardService.Host.csproj", "{44F1A501-54C7-46A1-B6A0-9C63B7F7B281}"
EndProject
Project("{FAE04EC0-301F-11D3-BF4B-00C04F79EFBC}") = "MA.RewardService.Application", "MA.RewardService.Application\MA.RewardService.Application.csproj", "{393BAC45-8787-48B9-AC43-6DCA5A47138F}"
EndProject
Project("{2150E333-8FDC-42A3-9474-1A3956D46DE8}") = "tests", "tests", "{324ED7B9-DFC1-4948-A32F-819CD2FF6DC2}"
EndProject
Project("{FAE04EC0-301F-11D3-BF4B-00C04F79EFBC}") = "MA.RewardService.Application.Tests", "tests\MA.RewardService.Application.Tests\MA.RewardService.Application.Tests.csproj", "{81223588-A275-46DE-B75F-2CAF18D65FC1}"
EndProject
Project("{FAE04EC0-301F-11D3-BF4B-00C04F79EFBC}") = "MA.RewardService.Domain", "MA.RewardService.Domain\MA.RewardService.Domain.csproj", "{3D97D521-16BF-4AFE-B826-27D83880FBB5}"
EndProject
Project("{FAE04EC0-301F-11D3-BF4B-00C04F79EFBC}") = "MA.RewardService.Infrastructure.DataAccess", "MA.RewardService.Infrastructure.DataAccess\MA.RewardService.Infrastructure.DataAccess.csproj", "{FD3A3AA9-DC5B-4651-AEED-25E8ACDA400D}"
EndProject
Project("{FAE04EC0-301F-11D3-BF4B-00C04F79EFBC}") = "MA.RewardService.Domain.Tests", "tests\MA.RewardService.Domain.Tests\MA.RewardService.Domain.Tests.csproj", "{4FDD20A7-E680-4B32-A856-F07E228823A5}"
EndProject
Project("{FAE04EC0-301F-11D3-BF4B-00C04F79EFBC}") = "MA.RewardService.Infrastructure.Messaging", "MA.RewardService.Infrastructure.Messaging\MA.RewardService.Infrastructure.Messaging.csproj", "{448DFE22-980A-4A65-B520-738140AEC7CA}"
EndProject
Project("{FAE04EC0-301F-11D3-BF4B-00C04F79EFBC}") = "MA.RewardService.Contracts", "MA.RewardService.Contracts\MA.RewardService.Contracts.csproj", "{C4AE0C74-28E7-488B-9700-39003F59FEC8}"
EndProject
Project("{FAE04EC0-301F-11D3-BF4B-00C04F79EFBC}") = "MA.RewardService.Application.Abstractions", "MA.RewardService.Application.Abstractions\MA.RewardService.Application.Abstractions.csproj", "{5FCEE54A-20A3-48F0-9B4C-4DCB6E62C1B2}"
EndProject
Global
	GlobalSection(SolutionConfigurationPlatforms) = preSolution
		Debug|Any CPU = Debug|Any CPU
		Release|Any CPU = Release|Any CPU
	EndGlobalSection
	GlobalSection(ProjectConfigurationPlatforms) = postSolution
		{44F1A501-54C7-46A1-B6A0-9C63B7F7B281}.Debug|Any CPU.ActiveCfg = Debug|Any CPU
		{44F1A501-54C7-46A1-B6A0-9C63B7F7B281}.Debug|Any CPU.Build.0 = Debug|Any CPU
		{44F1A501-54C7-46A1-B6A0-9C63B7F7B281}.Release|Any CPU.ActiveCfg = Release|Any CPU
		{44F1A501-54C7-46A1-B6A0-9C63B7F7B281}.Release|Any CPU.Build.0 = Release|Any CPU
		{393BAC45-8787-48B9-AC43-6DCA5A47138F}.Debug|Any CPU.ActiveCfg = Debug|Any CPU
		{393BAC45-8787-48B9-AC43-6DCA5A47138F}.Debug|Any CPU.Build.0 = Debug|Any CPU
		{393BAC45-8787-48B9-AC43-6DCA5A47138F}.Release|Any CPU.ActiveCfg = Release|Any CPU
		{393BAC45-8787-48B9-AC43-6DCA5A47138F}.Release|Any CPU.Build.0 = Release|Any CPU
		{81223588-A275-46DE-B75F-2CAF18D65FC1}.Debug|Any CPU.ActiveCfg = Debug|Any CPU
		{81223588-A275-46DE-B75F-2CAF18D65FC1}.Debug|Any CPU.Build.0 = Debug|Any CPU
		{81223588-A275-46DE-B75F-2CAF18D65FC1}.Release|Any CPU.ActiveCfg = Release|Any CPU
		{81223588-A275-46DE-B75F-2CAF18D65FC1}.Release|Any CPU.Build.0 = Release|Any CPU
		{3D97D521-16BF-4AFE-B826-27D83880FBB5}.Debug|Any CPU.ActiveCfg = Debug|Any CPU
		{3D97D521-16BF-4AFE-B826-27D83880FBB5}.Debug|Any CPU.Build.0 = Debug|Any CPU
		{3D97D521-16BF-4AFE-B826-27D83880FBB5}.Release|Any CPU.ActiveCfg = Release|Any CPU
		{3D97D521-16BF-4AFE-B826-27D83880FBB5}.Release|Any CPU.Build.0 = Release|Any CPU
		{FD3A3AA9-DC5B-4651-AEED-25E8ACDA400D}.Debug|Any CPU.ActiveCfg = Debug|Any CPU
		{FD3A3AA9-DC5B-4651-AEED-25E8ACDA400D}.Debug|Any CPU.Build.0 = Debug|Any CPU
		{FD3A3AA9-DC5B-4651-AEED-25E8ACDA400D}.Release|Any CPU.ActiveCfg = Release|Any CPU
		{FD3A3AA9-DC5B-4651-AEED-25E8ACDA400D}.Release|Any CPU.Build.0 = Release|Any CPU
		{4FDD20A7-E680-4B32-A856-F07E228823A5}.Debug|Any CPU.ActiveCfg = Debug|Any CPU
		{4FDD20A7-E680-4B32-A856-F07E228823A5}.Debug|Any CPU.Build.0 = Debug|Any CPU
		{4FDD20A7-E680-4B32-A856-F07E228823A5}.Release|Any CPU.ActiveCfg = Release|Any CPU
		{4FDD20A7-E680-4B32-A856-F07E228823A5}.Release|Any CPU.Build.0 = Release|Any CPU
		{448DFE22-980A-4A65-B520-738140AEC7CA}.Debug|Any CPU.ActiveCfg = Debug|Any CPU
		{448DFE22-980A-4A65-B520-738140AEC7CA}.Debug|Any CPU.Build.0 = Debug|Any CPU
		{448DFE22-980A-4A65-B520-738140AEC7CA}.Release|Any CPU.ActiveCfg = Release|Any CPU
		{448DFE22-980A-4A65-B520-738140AEC7CA}.Release|Any CPU.Build.0 = Release|Any CPU
		{C4AE0C74-28E7-488B-9700-39003F59FEC8}.Debug|Any CPU.ActiveCfg = Debug|Any CPU
		{C4AE0C74-28E7-488B-9700-39003F59FEC8}.Debug|Any CPU.Build.0 = Debug|Any CPU
		{C4AE0C74-28E7-488B-9700-39003F59FEC8}.Release|Any CPU.ActiveCfg = Release|Any CPU
		{C4AE0C74-28E7-488B-9700-39003F59FEC8}.Release|Any CPU.Build.0 = Release|Any CPU
		{5FCEE54A-20A3-48F0-9B4C-4DCB6E62C1B2}.Debug|Any CPU.ActiveCfg = Debug|Any CPU
		{5FCEE54A-20A3-48F0-9B4C-4DCB6E62C1B2}.Debug|Any CPU.Build.0 = Debug|Any CPU
		{5FCEE54A-20A3-48F0-9B4C-4DCB6E62C1B2}.Release|Any CPU.ActiveCfg = Release|Any CPU
		{5FCEE54A-20A3-48F0-9B4C-4DCB6E62C1B2}.Release|Any CPU.Build.0 = Release|Any CPU
	EndGlobalSection
	GlobalSection(NestedProjects) = preSolution
		{81223588-A275-46DE-B75F-2CAF18D65FC1} = {324ED7B9-DFC1-4948-A32F-819CD2FF6DC2}
		{4FDD20A7-E680-4B32-A856-F07E228823A5} = {324ED7B9-DFC1-4948-A32F-819CD2FF6DC2}
	EndGlobalSection
EndGlobal
